STATO=CLOSED
CHAT=CRM Fix Ticket Aperti
FILE=toagency-theme/templates/page-talent-self-edit.php
SHA1_ATTESO=844c6d314e5f23f0d39aaba1b99304e0cfccd5d0
UPDATE=2026-09-27 17:57:05
NOTE=ticket #291 #295: ripristino 22-23/09 (bozza CRM 2985fc7d/599badb9) + fix 25/09 del tema
DEPLOY=FATTO prod d7c2cc34f 17:56
