STATO=CLOSED
CHAT=CRM tickets collaboratori 2
FILE=toagency-theme/assets/completa-profilo.js
UPDATE=2026-10-09T19:03:17+0200
SHA1_ATTESO=a97ce95e16c9fc86f82a1a4dd7a503c008b27f83
DEPLOY=FATTO preview+prod 09/10, git b96ec938f
NOTE=#466 cambio album non azzera piu il form upload foto
CHIUSO=2026-10-09T19:03:17+0200
