STATO=CLOSED
CHAT=TEMA LP-HOSTESS-EVENTI
INIZIO=2026-08-31 17:01:55
UPDATE=2026-09-01 17:34:51
SHA1_ATTESO=299d8448998ad4bea1236b975b44cd1ee922a729
NOTA=LIVE prod 02/09 (commit 0d5af4b18, health check 5/5). Whitelist CSS google-reviews estesa a 4 landing (hostess-eventi, models-aziende, attori-produzioni, casting-produzioni).
