STATO=OPEN
CHAT=TEMA LP-HOSTESS-EVENTI
INIZIO=2026-08-31 17:01:55
UPDATE=2026-09-01 12:20:11
SHA1_ATTESO=31df24fa7269db2eac3aa7b01f70cd2d39a0f640
NOTA=LIVE prod 01/09 (commit e989e517d, health check 5/5). Fascia brand + recensioni + mini-gallery 8 foto (120px) + 12 ruoli (etichette plurale/generico, 4 lingue) su /lp/hostess-eventi/. Punti 1,2,3,6 escalation FATTI. Restano 4-5 (Come funziona/FAQ, in attesa file COPY).
