STATO=OPEN
CHAT=TEMA LP-HOSTESS-EVENTI
INIZIO=2026-08-31 17:01:55
UPDATE=2026-08-31 21:58:28
SHA1_ATTESO=041df91631224a6af758e13ab0e04be3c30fdfd7
NOTA=LIVE prod 31/08 (commit 398eb38b6, health check 5/5). Fascia brand + recensioni + mini-gallery 8 foto su /lp/hostess-eventi/. Punti 1,2,3,6 escalation FATTI. Restano 4-5 (Come funziona/FAQ, in attesa file COPY).
