STATO=CLOSED
CHAT=TEMA LINGUE-SELFEDIT
FILE=toagency-theme/templates/page-talent-self-edit.php
SHA1_ATTESO=ad80f826267d2446819838877fbc047870c5ead4
INIZIO=2026-09-29 15:00:00
UPDATE=2026-09-29 15:04:07
NOTE=ticket #369: livelli con etichette 4 lingue + select certificato si/no + blocco err_cert
DEPLOY=FATTO prod 7a5abf7c1 15:02
