STATO=CLOSED
CHAT=CRM tickets collaboratori 2
FILE=toagency-theme/templates/page-talent-self-edit.php
UPDATE=2026-10-09T19:03:17+0200
SHA1_ATTESO=d9d5cbba406509349c4108616a188bc8e723e5a2
DEPLOY=FATTO preview+prod 09/10, git b96ec938f
NOTE=#466 cambio album non azzera piu il form upload foto
CHIUSO=2026-10-09T19:03:17+0200
