STATO=OPEN
CHAT=CRM-MINORI-EMAIL-BATTENTI
FILE=toagency-theme/assets/talent-self-edit.js
INIZIO=2026-09-15 20:41:26
UPDATE=2026-09-15 20:41:26
SHA1_ATTESO=ed99d8cafe58e6732161e487c55352ed42548ffa
NOTE=Card di stato prima del form (Step 2 pagina-stato): stesso motivo del lock su page-talent-self-edit.php.
