STATO=CLOSED
CHAT=CRM tickets collaboratori 2
FILE=toagency-theme/templates/page-completa-profilo.php
UPDATE=2026-10-09T19:03:17+0200
SHA1_ATTESO=6fe9fc8397dd2fcefc73c2d87767acf68229ec4e
DEPLOY=FATTO preview+prod 09/10, git b96ec938f
NOTE=#466 cambio album non azzera piu il form upload foto
CHIUSO=2026-10-09T19:03:17+0200
